
Microsoft Visual Studio Solution File, Format Version 12.00
# Visual Studio 2013
VisualStudioVersion = 12.0.31101.0
MinimumVisualStudioVersion = 10.0.40219.1
Project("{8BC9CEB8-8B4A-11D0-8D11-00A0C91BC942}") = "Li71 二叉树的锯齿形层次遍历", "Li71 二叉树的锯齿形层次遍历\Li71 二叉树的锯齿形层次遍历.vcxproj", "{BB67A9B4-15FF-4BFD-9DBF-0BC7F97F28A1}"
EndProject
Global
	GlobalSection(SolutionConfigurationPlatforms) = preSolution
		Debug|Win32 = Debug|Win32
		Release|Win32 = Release|Win32
	EndGlobalSection
	GlobalSection(ProjectConfigurationPlatforms) = postSolution
		{BB67A9B4-15FF-4BFD-9DBF-0BC7F97F28A1}.Debug|Win32.ActiveCfg = Debug|Win32
		{BB67A9B4-15FF-4BFD-9DBF-0BC7F97F28A1}.Debug|Win32.Build.0 = Debug|Win32
		{BB67A9B4-15FF-4BFD-9DBF-0BC7F97F28A1}.Release|Win32.ActiveCfg = Release|Win32
		{BB67A9B4-15FF-4BFD-9DBF-0BC7F97F28A1}.Release|Win32.Build.0 = Release|Win32
	EndGlobalSection
	GlobalSection(SolutionProperties) = preSolution
		HideSolutionNode = FALSE
	EndGlobalSection
EndGlobal
