
Microsoft Visual Studio Solution File, Format Version 12.00
# Visual Studio 2013
VisualStudioVersion = 12.0.31101.0
MinimumVisualStudioVersion = 10.0.40219.1
Project("{8BC9CEB8-8B4A-11D0-8D11-00A0C91BC942}") = "Li105 复制带随机指针的链表", "Li105 复制带随机指针的链表\Li105 复制带随机指针的链表.vcxproj", "{756A556F-3905-4623-A1D0-ACD96FDF77FD}"
EndProject
Global
	GlobalSection(SolutionConfigurationPlatforms) = preSolution
		Debug|Win32 = Debug|Win32
		Release|Win32 = Release|Win32
	EndGlobalSection
	GlobalSection(ProjectConfigurationPlatforms) = postSolution
		{756A556F-3905-4623-A1D0-ACD96FDF77FD}.Debug|Win32.ActiveCfg = Debug|Win32
		{756A556F-3905-4623-A1D0-ACD96FDF77FD}.Debug|Win32.Build.0 = Debug|Win32
		{756A556F-3905-4623-A1D0-ACD96FDF77FD}.Release|Win32.ActiveCfg = Release|Win32
		{756A556F-3905-4623-A1D0-ACD96FDF77FD}.Release|Win32.Build.0 = Release|Win32
	EndGlobalSection
	GlobalSection(SolutionProperties) = preSolution
		HideSolutionNode = FALSE
	EndGlobalSection
EndGlobal
