
Microsoft Visual Studio Solution File, Format Version 12.00
# Visual Studio 2013
VisualStudioVersion = 12.0.31101.0
MinimumVisualStudioVersion = 10.0.40219.1
Project("{8BC9CEB8-8B4A-11D0-8D11-00A0C91BC942}") = "Li50 数组剔除元素后的乘积", "Li50 数组剔除元素后的乘积\Li50 数组剔除元素后的乘积.vcxproj", "{791D3784-F67F-4BC9-9B87-9EC2B3378570}"
EndProject
Global
	GlobalSection(SolutionConfigurationPlatforms) = preSolution
		Debug|Win32 = Debug|Win32
		Release|Win32 = Release|Win32
	EndGlobalSection
	GlobalSection(ProjectConfigurationPlatforms) = postSolution
		{791D3784-F67F-4BC9-9B87-9EC2B3378570}.Debug|Win32.ActiveCfg = Debug|Win32
		{791D3784-F67F-4BC9-9B87-9EC2B3378570}.Debug|Win32.Build.0 = Debug|Win32
		{791D3784-F67F-4BC9-9B87-9EC2B3378570}.Release|Win32.ActiveCfg = Release|Win32
		{791D3784-F67F-4BC9-9B87-9EC2B3378570}.Release|Win32.Build.0 = Release|Win32
	EndGlobalSection
	GlobalSection(SolutionProperties) = preSolution
		HideSolutionNode = FALSE
	EndGlobalSection
EndGlobal
