
Microsoft Visual Studio Solution File, Format Version 12.00
# Visual Studio 2013
VisualStudioVersion = 12.0.31101.0
MinimumVisualStudioVersion = 10.0.40219.1
Project("{8BC9CEB8-8B4A-11D0-8D11-00A0C91BC942}") = "Li69 二叉树的层次遍历", "Li69 二叉树的层次遍历\Li69 二叉树的层次遍历.vcxproj", "{16E5C47D-9C8C-4946-9B01-D4557A5F2A26}"
EndProject
Global
	GlobalSection(SolutionConfigurationPlatforms) = preSolution
		Debug|Win32 = Debug|Win32
		Release|Win32 = Release|Win32
	EndGlobalSection
	GlobalSection(ProjectConfigurationPlatforms) = postSolution
		{16E5C47D-9C8C-4946-9B01-D4557A5F2A26}.Debug|Win32.ActiveCfg = Debug|Win32
		{16E5C47D-9C8C-4946-9B01-D4557A5F2A26}.Debug|Win32.Build.0 = Debug|Win32
		{16E5C47D-9C8C-4946-9B01-D4557A5F2A26}.Release|Win32.ActiveCfg = Release|Win32
		{16E5C47D-9C8C-4946-9B01-D4557A5F2A26}.Release|Win32.Build.0 = Release|Win32
	EndGlobalSection
	GlobalSection(SolutionProperties) = preSolution
		HideSolutionNode = FALSE
	EndGlobalSection
EndGlobal
